
Microsoft Visual Studio Solution File, Format Version 12.00
# Visual Studio Version 16
VisualStudioVersion = 16.0.33801.447
MinimumVisualStudioVersion = 10.0.40219.1
Project("{FAE04EC0-301F-11D3-BF4B-00C04F79EFBC}") = "EkzamenSokolov203", "EkzamenSokolov203\EkzamenSokolov203.csproj", "{C4D232E5-7348-406F-80BF-64A1CEF2253B}"
EndProject
Global
	GlobalSection(SolutionConfigurationPlatforms) = preSolution
		Debug|Any CPU = Debug|Any CPU
		Release|Any CPU = Release|Any CPU
	EndGlobalSection
	GlobalSection(ProjectConfigurationPlatforms) = postSolution
		{C4D232E5-7348-406F-80BF-64A1CEF2253B}.Debug|Any CPU.ActiveCfg = Debug|Any CPU
		{C4D232E5-7348-406F-80BF-64A1CEF2253B}.Debug|Any CPU.Build.0 = Debug|Any CPU
		{C4D232E5-7348-406F-80BF-64A1CEF2253B}.Release|Any CPU.ActiveCfg = Release|Any CPU
		{C4D232E5-7348-406F-80BF-64A1CEF2253B}.Release|Any CPU.Build.0 = Release|Any CPU
	EndGlobalSection
	GlobalSection(SolutionProperties) = preSolution
		HideSolutionNode = FALSE
	EndGlobalSection
	GlobalSection(ExtensibilityGlobals) = postSolution
		SolutionGuid = {5EF15EE8-401B-4E4C-A7AB-5BFB53FDC54A}
	EndGlobalSection
EndGlobal
